// !$*UTF8*$!
{
	archiveVersion = 1;
	classes = {
	};
	objectVersion = 48;
	objects = {

/* Begin PBXBuildFile section */
		5E1AE19920905EDA00BE044F /* AppDelegate.m in Sources */ = {isa = PBXBuildFile; fileRef = 5E1AE19820905EDA00BE044F /* AppDelegate.m */; };
		5E1AE19C20905EDA00BE044F /* ViewController.m in Sources */ = {isa = PBXBuildFile; fileRef = 5E1AE19B20905EDA00BE044F /* ViewController.m */; };
		5E1AE19F20905EDA00BE044F /* Main.storyboard in Resources */ = {isa = PBXBuildFile; fileRef = 5E1AE19D20905EDA00BE044F /* Main.storyboard */; };
		5E1AE1A120905EDA00BE044F /* Assets.xcassets in Resources */ = {isa = PBXBuildFile; fileRef = 5E1AE1A020905EDA00BE044F /* Assets.xcassets */; };
		5E1AE1A420905EDA00BE044F /* LaunchScreen.storyboard in Resources */ = {isa = PBXBuildFile; fileRef = 5E1AE1A220905EDA00BE044F /* LaunchScreen.storyboard */; };
		5E1AE1A720905EDA00BE044F /* main.m in Sources */ = {isa = PBXBuildFile; fileRef = 5E1AE1A620905EDA00BE044F /* main.m */; };
		5E1AE1B120905EDB00BE044F /* O1_CALayerTests.m in Sources */ = {isa = PBXBuildFile; fileRef = 5E1AE1B020905EDB00BE044F /* O1_CALayerTests.m */; };
		5E1AE1BC20905EDB00BE044F /* O1_CALayerUITests.m in Sources */ = {isa = PBXBuildFile; fileRef = 5E1AE1BB20905EDB00BE044F /* O1_CALayerUITests.m */; };
/* End PBXBuildFile section */

/* Begin PBXContainerItemProxy section */
		5E1AE1AD20905EDB00BE044F /* PBXContainerItemProxy */ = {
			isa = PBXContainerItemProxy;
			containerPortal = 5E1AE18C20905EDA00BE044F /* Project object */;
			proxyType = 1;
			remoteGlobalIDString = 5E1AE19320905EDA00BE044F;
			remoteInfo = O1_CALayer;
		};
		5E1AE1B820905EDB00BE044F /* PBXContainerItemProxy */ = {
			isa = PBXContainerItemProxy;
			containerPortal = 5E1AE18C20905EDA00BE044F /* Project object */;
			proxyType = 1;
			remoteGlobalIDString = 5E1AE19320905EDA00BE044F;
			remoteInfo = O1_CALayer;
		};
/* End PBXContainerItemProxy section */

/* Begin PBXFileReference section */
		5E1AE19420905EDA00BE044F /* O1_CALayer.app */ = {isa = PBXFileReference; explicitFileType = wrapper.application; includeInIndex = 0; path = O1_CALayer.app; sourceTree = BUILT_PRODUCTS_DIR; };
		5E1AE19720905EDA00BE044F /* AppDelegate.h */ = {isa = PBXFileReference; lastKnownFileType = sourcecode.c.h; path = AppDelegate.h; sourceTree = "<group>"; };
		5E1AE19820905EDA00BE044F /* AppDelegate.m */ = {isa = PBXFileReference; lastKnownFileType = sourcecode.c.objc; path = AppDelegate.m; sourceTree = "<group>"; };
		5E1AE19A20905EDA00BE044F /* ViewController.h */ = {isa = PBXFileReference; lastKnownFileType = sourcecode.c.h; path = ViewController.h; sourceTree = "<group>"; };
		5E1AE19B20905EDA00BE044F /* ViewController.m */ = {isa = PBXFileReference; lastKnownFileType = sourcecode.c.objc; path = ViewController.m; sourceTree = "<group>"; };
		5E1AE19E20905EDA00BE044F /* Base */ = {isa = PBXFileReference; lastKnownFileType = file.storyboard; name = Base; path = Base.lproj/Main.storyboard; sourceTree = "<group>"; };
		5E1AE1A020905EDA00BE044F /* Assets.xcassets */ = {isa = PBXFileReference; lastKnownFileType = folder.assetcatalog; path = Assets.xcassets; sourceTree = "<group>"; };
		5E1AE1A320905EDA00BE044F /* Base */ = {isa = PBXFileReference; lastKnownFileType = file.storyboard; name = Base; path = Base.lproj/LaunchScreen.storyboard; sourceTree = "<group>"; };
		5E1AE1A520905EDA00BE044F /* Info.plist */ = {isa = PBXFileReference; lastKnownFileType = text.plist.xml; path = Info.plist; sourceTree = "<group>"; };
		5E1AE1A620905EDA00BE044F /* main.m */ = {isa = PBXFileReference; lastKnownFileType = sourcecode.c.objc; path = main.m; sourceTree = "<group>"; };
		5E1AE1AC20905EDB00BE044F /* O1_CALayerTests.xctest */ = {isa = PBXFileReference; explicitFileType = wrapper.cfbundle; includeInIndex = 0; path = O1_CALayerTests.xctest; sourceTree = BUILT_PRODUCTS_DIR; };
		5E1AE1B020905EDB00BE044F /* O1_CALayerTests.m */ = {isa = PBXFileReference; lastKnownFileType = sourcecode.c.objc; path = O1_CALayerTests.m; sourceTree = "<group>"; };
		5E1AE1B220905EDB00BE044F /* Info.plist */ = {isa = PBXFileReference; lastKnownFileType = text.plist.xml; path = Info.plist; sourceTree = "<group>"; };
		5E1AE1B720905EDB00BE044F /* O1_CALayerUITests.xctest */ = {isa = PBXFileReference; explicitFileType = wrapper.cfbundle; includeInIndex = 0; path = O1_CALayerUITests.xctest; sourceTree = BUILT_PRODUCTS_DIR; };
		5E1AE1BB20905EDB00BE044F /* O1_CALayerUITests.m */ = {isa = PBXFileReference; lastKnownFileType = sourcecode.c.objc; path = O1_CALayerUITests.m; sourceTree = "<group>"; };
		5E1AE1BD20905EDB00BE044F /* Info.plist */ = {isa = PBXFileReference; lastKnownFileType = text.plist.xml; path = Info.plist; sourceTree = "<group>"; };
/* End PBXFileReference section */

/* Begin PBXFrameworksBuildPhase section */
		5E1AE19120905EDA00BE044F /* Frameworks */ = {
			isa = PBXFrameworksBuildPhase;
			buildActionMask = 2147483647;
			files = (
			);
			runOnlyForDeploymentPostprocessing = 0;
		};
		5E1AE1A920905EDB00BE044F /* Frameworks */ = {
			isa = PBXFrameworksBuildPhase;
			buildActionMask = 2147483647;
			files = (
			);
			runOnlyForDeploymentPostprocessing = 0;
		};
		5E1AE1B420905EDB00BE044F /* Frameworks */ = {
			isa = PBXFrameworksBuildPhase;
			buildActionMask = 2147483647;
			files = (
			);
			runOnlyForDeploymentPostprocessing = 0;
		};
/* End PBXFrameworksBuildPhase section */

/* Begin PBXGroup section */
		5E1AE18B20905EDA00BE044F = {
			isa = PBXGroup;
			children = (
				5E1AE19620905EDA00BE044F /* O1_CALayer */,
				5E1AE1AF20905EDB00BE044F /* O1_CALayerTests */,
				5E1AE1BA20905EDB00BE044F /* O1_CALayerUITests */,
				5E1AE19520905EDA00BE044F /* Products */,
			);
			sourceTree = "<group>";
		};
		5E1AE19520905EDA00BE044F /* Products */ = {
			isa = PBXGroup;
			children = (
				5E1AE19420905EDA00BE044F /* O1_CALayer.app */,
				5E1AE1AC20905EDB00BE044F /* O1_CALayerTests.xctest */,
				5E1AE1B720905EDB00BE044F /* O1_CALayerUITests.xctest */,
			);
			name = Products;
			sourceTree = "<group>";
		};
		5E1AE19620905EDA00BE044F /* O1_CALayer */ = {
			isa = PBXGroup;
			children = (
				5E1AE19720905EDA00BE044F /* AppDelegate.h */,
				5E1AE19820905EDA00BE044F /* AppDelegate.m */,
				5E1AE19A20905EDA00BE044F /* ViewController.h */,
				5E1AE19B20905EDA00BE044F /* ViewController.m */,
				5E1AE19D20905EDA00BE044F /* Main.storyboard */,
				5E1AE1A020905EDA00BE044F /* Assets.xcassets */,
				5E1AE1A220905EDA00BE044F /* LaunchScreen.storyboard */,
				5E1AE1A520905EDA00BE044F /* Info.plist */,
				5E1AE1A620905EDA00BE044F /* main.m */,
			);
			path = O1_CALayer;
			sourceTree = "<group>";
		};
		5E1AE1AF20905EDB00BE044F /* O1_CALayerTests */ = {
			isa = PBXGroup;
			children = (
				5E1AE1B020905EDB00BE044F /* O1_CALayerTests.m */,
				5E1AE1B220905EDB00BE044F /* Info.plist */,
			);
			path = O1_CALayerTests;
			sourceTree = "<group>";
		};
		5E1AE1BA20905EDB00BE044F /* O1_CALayerUITests */ = {
			isa = PBXGroup;
			children = (
				5E1AE1BB20905EDB00BE044F /* O1_CALayerUITests.m */,
				5E1AE1BD20905EDB00BE044F /* Info.plist */,
			);
			path = O1_CALayerUITests;
			sourceTree = "<group>";
		};
/* End PBXGroup section */

/* Begin PBXNativeTarget section */
		5E1AE19320905EDA00BE044F /* O1_CALayer */ = {
			isa = PBXNativeTarget;
			buildConfigurationList = 5E1AE1C020905EDC00BE044F /* Build configuration list for PBXNativeTarget "O1_CALayer" */;
			buildPhases = (
				5E1AE19020905EDA00BE044F /* Sources */,
				5E1AE19120905EDA00BE044F /* Frameworks */,
				5E1AE19220905EDA00BE044F /* Resources */,
			);
			buildRules = (
			);
			dependencies = (
			);
			name = O1_CALayer;
			productName = O1_CALayer;
			productReference = 5E1AE19420905EDA00BE044F /* O1_CALayer.app */;
			productType = "com.apple.product-type.application";
		};
		5E1AE1AB20905EDB00BE044F /* O1_CALayerTests */ = {
			isa = PBXNativeTarget;
			buildConfigurationList = 5E1AE1C320905EDC00BE044F /* Build configuration list for PBXNativeTarget "O1_CALayerTests" */;
			buildPhases = (
				5E1AE1A820905EDB00BE044F /* Sources */,
				5E1AE1A920905EDB00BE044F /* Frameworks */,
				5E1AE1AA20905EDB00BE044F /* Resources */,
			);
			buildRules = (
			);
			dependencies = (
				5E1AE1AE20905EDB00BE044F /* PBXTargetDependency */,
			);
			name = O1_CALayerTests;
			productName = O1_CALayerTests;
			productReference = 5E1AE1AC20905EDB00BE044F /* O1_CALayerTests.xctest */;
			productType = "com.apple.product-type.bundle.unit-test";
		};
		5E1AE1B620905EDB00BE044F /* O1_CALayerUITests */ = {
			isa = PBXNativeTarget;
			buildConfigurationList = 5E1AE1C620905EDC00BE044F /* Build configuration list for PBXNativeTarget "O1_CALayerUITests" */;
			buildPhases = (
				5E1AE1B320905EDB00BE044F /* Sources */,
				5E1AE1B420905EDB00BE044F /* Frameworks */,
				5E1AE1B520905EDB00BE044F /* Resources */,
			);
			buildRules = (
			);
			dependencies = (
				5E1AE1B920905EDB00BE044F /* PBXTargetDependency */,
			);
			name = O1_CALayerUITests;
			productName = O1_CALayerUITests;
			productReference = 5E1AE1B720905EDB00BE044F /* O1_CALayerUITests.xctest */;
			productType = "com.apple.product-type.bundle.ui-testing";
		};
/* End PBXNativeTarget section */

/* Begin PBXProject section */
		5E1AE18C20905EDA00BE044F /* Project object */ = {
			isa = PBXProject;
			attributes = {
				LastUpgradeCheck = 0920;
				ORGANIZATIONNAME = ifeng;
				TargetAttributes = {
					5E1AE19320905EDA00BE044F = {
						CreatedOnToolsVersion = 9.2;
						ProvisioningStyle = Automatic;
					};
					5E1AE1AB20905EDB00BE044F = {
						CreatedOnToolsVersion = 9.2;
						ProvisioningStyle = Automatic;
						TestTargetID = 5E1AE19320905EDA00BE044F;
					};
					5E1AE1B620905EDB00BE044F = {
						CreatedOnToolsVersion = 9.2;
						ProvisioningStyle = Automatic;
						TestTargetID = 5E1AE19320905EDA00BE044F;
					};
				};
			};
			buildConfigurationList = 5E1AE18F20905EDA00BE044F /* Build configuration list for PBXProject "O1_CALayer" */;
			compatibilityVersion = "Xcode 8.0";
			developmentRegion = en;
			hasScannedForEncodings = 0;
			knownRegions = (
				en,
				Base,
			);
			mainGroup = 5E1AE18B20905EDA00BE044F;
			productRefGroup = 5E1AE19520905EDA00BE044F /* Products */;
			projectDirPath = "";
			projectRoot = "";
			targets = (
				5E1AE19320905EDA00BE044F /* O1_CALayer */,
				5E1AE1AB20905EDB00BE044F /* O1_CALayerTests */,
				5E1AE1B620905EDB00BE044F /* O1_CALayerUITests */,
			);
		};
/* End PBXProject section */

/* Begin PBXResourcesBuildPhase section */
		5E1AE19220905EDA00BE044F /* Resources */ = {
			isa = PBXResourcesBuildPhase;
			buildActionMask = 2147483647;
			files = (
				5E1AE1A420905EDA00BE044F /* LaunchScreen.storyboard in Resources */,
				5E1AE1A120905EDA00BE044F /* Assets.xcassets in Resources */,
				5E1AE19F20905EDA00BE044F /* Main.storyboard in Resources */,
			);
			runOnlyForDeploymentPostprocessing = 0;
		};
		5E1AE1AA20905EDB00BE044F /* Resources */ = {
			isa = PBXResourcesBuildPhase;
			buildActionMask = 2147483647;
			files = (
			);
			runOnlyForDeploymentPostprocessing = 0;
		};
		5E1AE1B520905EDB00BE044F /* Resources */ = {
			isa = PBXResourcesBuildPhase;
			buildActionMask = 2147483647;
			files = (
			);
			runOnlyForDeploymentPostprocessing = 0;
		};
/* End PBXResourcesBuildPhase section */

/* Begin PBXSourcesBuildPhase section */
		5E1AE19020905EDA00BE044F /* Sources */ = {
			isa = PBXSourcesBuildPhase;
			buildActionMask = 2147483647;
			files = (
				5E1AE19C20905EDA00BE044F /* ViewController.m in Sources */,
				5E1AE1A720905EDA00BE044F /* main.m in Sources */,
				5E1AE19920905EDA00BE044F /* AppDelegate.m in Sources */,
			);
			runOnlyForDeploymentPostprocessing = 0;
		};
		5E1AE1A820905EDB00BE044F /* Sources */ = {
			isa = PBXSourcesBuildPhase;
			buildActionMask = 2147483647;
			files = (
				5E1AE1B120905EDB00BE044F /* O1_CALayerTests.m in Sources */,
			);
			runOnlyForDeploymentPostprocessing = 0;
		};
		5E1AE1B320905EDB00BE044F /* Sources */ = {
			isa = PBXSourcesBuildPhase;
			buildActionMask = 2147483647;
			files = (
				5E1AE1BC20905EDB00BE044F /* O1_CALayerUITests.m in Sources */,
			);
			runOnlyForDeploymentPostprocessing = 0;
		};
/* End PBXSourcesBuildPhase section */

/* Begin PBXTargetDependency section */
		5E1AE1AE20905EDB00BE044F /* PBXTargetDependency */ = {
			isa = PBXTargetDependency;
			target = 5E1AE19320905EDA00BE044F /* O1_CALayer */;
			targetProxy = 5E1AE1AD20905EDB00BE044F /* PBXContainerItemProxy */;
		};
		5E1AE1B920905EDB00BE044F /* PBXTargetDependency */ = {
			isa = PBXTargetDependency;
			target = 5E1AE19320905EDA00BE044F /* O1_CALayer */;
			targetProxy = 5E1AE1B820905EDB00BE044F /* PBXContainerItemProxy */;
		};
/* End PBXTargetDependency section */

/* Begin PBXVariantGroup section */
		5E1AE19D20905EDA00BE044F /* Main.storyboard */ = {
			isa = PBXVariantGroup;
			children = (
				5E1AE19E20905EDA00BE044F /* Base */,
			);
			name = Main.storyboard;
			sourceTree = "<group>";
		};
		5E1AE1A220905EDA00BE044F /* LaunchScreen.storyboard */ = {
			isa = PBXVariantGroup;
			children = (
				5E1AE1A320905EDA00BE044F /* Base */,
			);
			name = LaunchScreen.storyboard;
			sourceTree = "<group>";
		};
/* End PBXVariantGroup section */

/* Begin XCBuildConfiguration section */
		5E1AE1BE20905EDC00BE044F /* Debug */ = {
			isa = XCBuildConfiguration;
			buildSettings = {
				ALWAYS_SEARCH_USER_PATHS = NO;
				CLANG_ANALYZER_NONNULL = YES;
				CLANG_ANALYZER_NUMBER_OBJECT_CONVERSION = YES_AGGRESSIVE;
				CLANG_CXX_LANGUAGE_STANDARD = "gnu++14";
				CLANG_CXX_LIBRARY = "libc++";
				CLANG_ENABLE_MODULES = YES;
				CLANG_ENABLE_OBJC_ARC = YES;
				CLANG_WARN_BLOCK_CAPTURE_AUTORELEASING = YES;
				CLANG_WARN_BOOL_CONVERSION = YES;
				CLANG_WARN_COMMA = YES;
				CLANG_WARN_CONSTANT_CONVERSION = YES;
				CLANG_WARN_DIRECT_OBJC_ISA_USAGE = YES_ERROR;
				CLANG_WARN_DOCUMENTATION_COMMENTS = YES;
				CLANG_WARN_EMPTY_BODY = YES;
				CLANG_WARN_ENUM_CONVERSION = YES;
				CLANG_WARN_INFINITE_RECURSION = YES;
				CLANG_WARN_INT_CONVERSION = YES;
				CLANG_WARN_NON_LITERAL_NULL_CONVERSION = YES;
				CLANG_WARN_OBJC_LITERAL_CONVERSION = YES;
				CLANG_WARN_OBJC_ROOT_CLASS = YES_ERROR;
				CLANG_WARN_RANGE_LOOP_ANALYSIS = YES;
				CLANG_WARN_STRICT_PROTOTYPES = YES;
				CLANG_WARN_SUSPICIOUS_MOVE = YES;
				CLANG_WARN_UNGUARDED_AVAILABILITY = YES_AGGRESSIVE;
				CLANG_WARN_UNREACHABLE_CODE = YES;
				CLANG_WARN__DUPLICATE_METHOD_MATCH = YES;
				CODE_SIGN_IDENTITY = "iPhone Developer";
				COPY_PHASE_STRIP = NO;
				DEBUG_INFORMATION_FORMAT = dwarf;
				ENABLE_STRICT_OBJC_MSGSEND = YES;
				ENABLE_TESTABILITY = YES;
				GCC_C_LANGUAGE_STANDARD = gnu11;
				GCC_DYNAMIC_NO_PIC = NO;
				GCC_NO_COMMON_BLOCKS = YES;
				GCC_OPTIMIZATION_LEVEL = 0;
				GCC_PREPROCESSOR_DEFINITIONS = (
					"DEBUG=1",
					"$(inherited)",
				);
				GCC_WARN_64_TO_32_BIT_CONVERSION = YES;
				GCC_WARN_ABOUT_RETURN_TYPE = YES_ERROR;
				GCC_WARN_UNDECLARED_SELECTOR = YES;
				GCC_WARN_UNINITIALIZED_AUTOS = YES_AGGRESSIVE;
				GCC_WARN_UNUSED_FUNCTION = YES;
				GCC_WARN_UNUSED_VARIABLE = YES;
				IPHONEOS_DEPLOYMENT_TARGET = 11.2;
				MTL_ENABLE_DEBUG_INFO = YES;
				ONLY_ACTIVE_ARCH = YES;
				SDKROOT = iphoneos;
			};
			name = Debug;
		};
		5E1AE1BF20905EDC00BE044F /* Release */ = {
			isa = XCBuildConfiguration;
			buildSettings = {
				ALWAYS_SEARCH_USER_PATHS = NO;
				CLANG_ANALYZER_NONNULL = YES;
				CLANG_ANALYZER_NUMBER_OBJECT_CONVERSION = YES_AGGRESSIVE;
				CLANG_CXX_LANGUAGE_STANDARD = "gnu++14";
				CLANG_CXX_LIBRARY = "libc++";
				CLANG_ENABLE_MODULES = YES;
				CLANG_ENABLE_OBJC_ARC = YES;
				CLANG_WARN_BLOCK_CAPTURE_AUTORELEASING = YES;
				CLANG_WARN_BOOL_CONVERSION = YES;
				CLANG_WARN_COMMA = YES;
				CLANG_WARN_CONSTANT_CONVERSION = YES;
				CLANG_WARN_DIRECT_OBJC_ISA_USAGE = YES_ERROR;
				CLANG_WARN_DOCUMENTATION_COMMENTS = YES;
				CLANG_WARN_EMPTY_BODY = YES;
				CLANG_WARN_ENUM_CONVERSION = YES;
				CLANG_WARN_INFINITE_RECURSION = YES;
				CLANG_WARN_INT_CONVERSION = YES;
				CLANG_WARN_NON_LITERAL_NULL_CONVERSION = YES;
				CLANG_WARN_OBJC_LITERAL_CONVERSION = YES;
				CLANG_WARN_OBJC_ROOT_CLASS = YES_ERROR;
				CLANG_WARN_RANGE_LOOP_ANALYSIS = YES;
				CLANG_WARN_STRICT_PROTOTYPES = YES;
				CLANG_WARN_SUSPICIOUS_MOVE = YES;
				CLANG_WARN_UNGUARDED_AVAILABILITY = YES_AGGRESSIVE;
				CLANG_WARN_UNREACHABLE_CODE = YES;
				CLANG_WARN__DUPLICATE_METHOD_MATCH = YES;
				CODE_SIGN_IDENTITY = "iPhone Developer";
				COPY_PHASE_STRIP = NO;
				DEBUG_INFORMATION_FORMAT = "dwarf-with-dsym";
				ENABLE_NS_ASSERTIONS = NO;
				ENABLE_STRICT_OBJC_MSGSEND = YES;
				GCC_C_LANGUAGE_STANDARD = gnu11;
				GCC_NO_COMMON_BLOCKS = YES;
				GCC_WARN_64_TO_32_BIT_CONVERSION = YES;
				GCC_WARN_ABOUT_RETURN_TYPE = YES_ERROR;
				GCC_WARN_UNDECLARED_SELECTOR = YES;
				GCC_WARN_UNINITIALIZED_AUTOS = YES_AGGRESSIVE;
				GCC_WARN_UNUSED_FUNCTION = YES;
				GCC_WARN_UNUSED_VARIABLE = YES;
				IPHONEOS_DEPLOYMENT_TARGET = 11.2;
				MTL_ENABLE_DEBUG_INFO = NO;
				SDKROOT = iphoneos;
				VALIDATE_PRODUCT = YES;
			};
			name = Release;
		};
		5E1AE1C120905EDC00BE044F /* Debug */ = {
			isa = XCBuildConfiguration;
			buildSettings = {
				ASSETCATALOG_COMPILER_APPICON_NAME = AppIcon;
				CODE_SIGN_STYLE = Automatic;
				DEVELOPMENT_TEAM = 8BR3TMNV2C;
				INFOPLIST_FILE = O1_CALayer/Info.plist;
				LD_RUNPATH_SEARCH_PATHS = "$(inherited) @executable_path/Frameworks";
				PRODUCT_BUNDLE_IDENTIFIER = "com.ifeng.O1-CALayer";
				PRODUCT_NAME = "$(TARGET_NAME)";
				TARGETED_DEVICE_FAMILY = "1,2";
			};
			name = Debug;
		};
		5E1AE1C220905EDC00BE044F /* Release */ = {
			isa = XCBuildConfiguration;
			buildSettings = {
				ASSETCATALOG_COMPILER_APPICON_NAME = AppIcon;
				CODE_SIGN_STYLE = Automatic;
				DEVELOPMENT_TEAM = 8BR3TMNV2C;
				INFOPLIST_FILE = O1_CALayer/Info.plist;
				LD_RUNPATH_SEARCH_PATHS = "$(inherited) @executable_path/Frameworks";
				PRODUCT_BUNDLE_IDENTIFIER = "com.ifeng.O1-CALayer";
				PRODUCT_NAME = "$(TARGET_NAME)";
				TARGETED_DEVICE_FAMILY = "1,2";
			};
			name = Release;
		};
		5E1AE1C420905EDC00BE044F /* Debug */ = {
			isa = XCBuildConfiguration;
			buildSettings = {
				BUNDLE_LOADER = "$(TEST_HOST)";
				CODE_SIGN_STYLE = Automatic;
				INFOPLIST_FILE = O1_CALayerTests/Info.plist;
				LD_RUNPATH_SEARCH_PATHS = "$(inherited) @executable_path/Frameworks @loader_path/Frameworks";
				PRODUCT_BUNDLE_IDENTIFIER = "com.ifeng.O1-CALayerTests";
				PRODUCT_NAME = "$(TARGET_NAME)";
				TARGETED_DEVICE_FAMILY = "1,2";
				TEST_HOST = "$(BUILT_PRODUCTS_DIR)/O1_CALayer.app/O1_CALayer";
			};
			name = Debug;
		};
		5E1AE1C520905EDC00BE044F /* Release */ = {
			isa = XCBuildConfiguration;
			buildSettings = {
				BUNDLE_LOADER = "$(TEST_HOST)";
				CODE_SIGN_STYLE = Automatic;
				INFOPLIST_FILE = O1_CALayerTests/Info.plist;
				LD_RUNPATH_SEARCH_PATHS = "$(inherited) @executable_path/Frameworks @loader_path/Frameworks";
				PRODUCT_BUNDLE_IDENTIFIER = "com.ifeng.O1-CALayerTests";
				PRODUCT_NAME = "$(TARGET_NAME)";
				TARGETED_DEVICE_FAMILY = "1,2";
				TEST_HOST = "$(BUILT_PRODUCTS_DIR)/O1_CALayer.app/O1_CALayer";
			};
			name = Release;
		};
		5E1AE1C720905EDC00BE044F /* Debug */ = {
			isa = XCBuildConfiguration;
			buildSettings = {
				CODE_SIGN_STYLE = Automatic;
				INFOPLIST_FILE = O1_CALayerUITests/Info.plist;
				LD_RUNPATH_SEARCH_PATHS = "$(inherited) @executable_path/Frameworks @loader_path/Frameworks";
				PRODUCT_BUNDLE_IDENTIFIER = "com.ifeng.O1-CALayerUITests";
				PRODUCT_NAME = "$(TARGET_NAME)";
				TARGETED_DEVICE_FAMILY = "1,2";
				TEST_TARGET_NAME = O1_CALayer;
			};
			name = Debug;
		};
		5E1AE1C820905EDC00BE044F /* Release */ = {
			isa = XCBuildConfiguration;
			buildSettings = {
				CODE_SIGN_STYLE = Automatic;
				INFOPLIST_FILE = O1_CALayerUITests/Info.plist;
				LD_RUNPATH_SEARCH_PATHS = "$(inherited) @executable_path/Frameworks @loader_path/Frameworks";
				PRODUCT_BUNDLE_IDENTIFIER = "com.ifeng.O1-CALayerUITests";
				PRODUCT_NAME = "$(TARGET_NAME)";
				TARGETED_DEVICE_FAMILY = "1,2";
				TEST_TARGET_NAME = O1_CALayer;
			};
			name = Release;
		};
/* End XCBuildConfiguration section */

/* Begin XCConfigurationList section */
		5E1AE18F20905EDA00BE044F /* Build configuration list for PBXProject "O1_CALayer" */ = {
			isa = XCConfigurationList;
			buildConfigurations = (
				5E1AE1BE20905EDC00BE044F /* Debug */,
				5E1AE1BF20905EDC00BE044F /* Release */,
			);
			defaultConfigurationIsVisible = 0;
			defaultConfigurationName = Release;
		};
		5E1AE1C020905EDC00BE044F /* Build configuration list for PBXNativeTarget "O1_CALayer" */ = {
			isa = XCConfigurationList;
			buildConfigurations = (
				5E1AE1C120905EDC00BE044F /* Debug */,
				5E1AE1C220905EDC00BE044F /* Release */,
			);
			defaultConfigurationIsVisible = 0;
			defaultConfigurationName = Release;
		};
		5E1AE1C320905EDC00BE044F /* Build configuration list for PBXNativeTarget "O1_CALayerTests" */ = {
			isa = XCConfigurationList;
			buildConfigurations = (
				5E1AE1C420905EDC00BE044F /* Debug */,
				5E1AE1C520905EDC00BE044F /* Release */,
			);
			defaultConfigurationIsVisible = 0;
			defaultConfigurationName = Release;
		};
		5E1AE1C620905EDC00BE044F /* Build configuration list for PBXNativeTarget "O1_CALayerUITests" */ = {
			isa = XCConfigurationList;
			buildConfigurations = (
				5E1AE1C720905EDC00BE044F /* Debug */,
				5E1AE1C820905EDC00BE044F /* Release */,
			);
			defaultConfigurationIsVisible = 0;
			defaultConfigurationName = Release;
		};
/* End XCConfigurationList section */
	};
	rootObject = 5E1AE18C20905EDA00BE044F /* Project object */;
}
